{
  "version": 4,
  "terraform_version": "0.12.10",
  "serial": 14,
  "lineage": "ddefc2a8-64ac-34ae-bcc2-d115712ee3b8",
  "outputs": {},
  "resources": [
    {
      "mode": "managed",
      "type": "heroku_addon",
      "name": "cloudinary-production",
      "provider": "provider.heroku",
      "instances": [
        {
          "schema_version": 2,
          "attributes": {
            "app": "grace-church-production",
            "config": null,
            "config_vars": [
              "CLOUDINARY_URL"
            ],
            "id": "3e10381e-9ef1-488a-aaeb-b886ba738667",
            "name": "cloudinary-spherical-38312",
            "plan": "cloudinary",
            "provider_id": "d80f7b62e2a88496220c0c6e6a8220"
          },
          "private": "eyJzY2hlbWFfdmVyc2lvbiI6IjIifQ==",
          "depends_on": [
            "heroku_app.production"
          ]
        }
      ]
    },
    {
      "mode": "managed",
      "type": "heroku_addon",
      "name": "cloudinary-staging",
      "provider": "provider.heroku",
      "instances": [
        {
          "schema_version": 2,
          "attributes": {
            "app": "grace-church-staging",
            "config": null,
            "config_vars": [
              "CLOUDINARY_URL"
            ],
            "id": "89e13959-a075-4320-9b44-77bfd2e9e246",
            "name": "cloudinary-animate-89242",
            "plan": "cloudinary",
            "provider_id": "7459e39fd44e43f40565a6f4271644"
          }
        }
      ]
    },
    {
      "mode": "managed",
      "type": "heroku_addon",
      "name": "redis-production",
      "provider": "provider.heroku",
      "instances": [
        {
          "schema_version": 2,
          "attributes": {
            "app": "grace-church-production",
            "config": null,
            "config_vars": [
              "REDIS_URL"
            ],
            "id": "8936811c-bbdb-48d7-b4d8-c60de38d2c10",
            "name": "redis-vertical-16885",
            "plan": "heroku-redis:hobby-dev",
            "provider_id": "resource41406715@heroku.com"
          },
          "private": "eyJzY2hlbWFfdmVyc2lvbiI6IjIifQ==",
          "depends_on": [
            "heroku_app.production"
          ]
        }
      ]
    },
    {
      "mode": "managed",
      "type": "heroku_addon",
      "name": "redis-staging",
      "provider": "provider.heroku",
      "instances": [
        {
          "schema_version": 2,
          "attributes": {
            "app": "grace-church-staging",
            "config": null,
            "config_vars": [
              "REDIS_URL"
            ],
            "id": "400a0704-aed7-4c6d-a279-f5e701d887b0",
            "name": "redis-solid-55774",
            "plan": "heroku-redis:hobby-dev",
            "provider_id": "resource41406684@heroku.com"
          }
        }
      ]
    },
    {
      "mode": "managed",
      "type": "heroku_app",
      "name": "production",
      "provider": "provider.heroku",
      "instances": [
        {
          "schema_version": 0,
          "attributes": {
            "acm": false,
            "all_config_vars": {
              "BIBLE_API_KEY": "eef8d913673ba746f78e115b444f4ce6",
              "CLOUDINARY_URL": "cloudinary://667486885215431:zWMwbl58qsSK7S2TMtKy8YDq69E@hwphbpfey",
              "ENGINE_API_KEY": "",
              "FASTLY_API_KEY": "clrhfNhOEqKOwDL6Pt1fxfbNKdnYaw6F",
              "FASTLY_CDN_URL": "grace-church-production-herokuapp-com.global.ssl.fastly.net",
              "FASTLY_SERVICE_ID": "5at4tA1zNiHtPvMtkgxEbV",
              "ONE_SIGNAL_REST_KEY": "",
              "REDIS_URL": "redis://h:pb2fa3971f046ae7e38bedf3ea19d66a6e9180b308da54a6d097f653c37ba2a9a@ec2-34-196-188-202.compute-1.amazonaws.com:32009",
              "ROCK_TOKEN": "MmuJ6B7r5yWiKWDPA7efxTIW"
            },
            "buildpacks": [],
            "config_vars": {
              "BIBLE_API_KEY": "eef8d913673ba746f78e115b444f4ce6",
              "ENGINE_API_KEY": "",
              "ONE_SIGNAL_REST_KEY": "",
              "ROCK_TOKEN": "MmuJ6B7r5yWiKWDPA7efxTIW"
            },
            "git_url": "https://git.heroku.com/grace-church-production.git",
            "heroku_hostname": "grace-church-production.herokuapp.com",
            "id": "grace-church-production",
            "internal_routing": false,
            "name": "grace-church-production",
            "organization": [
              {
                "locked": false,
                "name": "apollosproject",
                "personal": false
              }
            ],
            "region": "us",
            "sensitive_config_vars": {},
            "space": "",
            "stack": "container",
            "uuid": "78117e78-6cf8-4835-889e-07cede40ad51",
            "web_url": "https://grace-church-production.herokuapp.com/"
          },
          "private": "bnVsbA=="
        }
      ]
    },
    {
      "mode": "managed",
      "type": "heroku_app",
      "name": "staging",
      "provider": "provider.heroku",
      "instances": [
        {
          "schema_version": 0,
          "attributes": {
            "acm": false,
            "all_config_vars": {
              "BIBLE_API_KEY": "eef8d913673ba746f78e115b444f4ce6",
              "CLOUDINARY_URL": "cloudinary://742218533861815:6NekEqSYIbnCWHGUdlilBQ7bhy4@hhjfdsahg",
              "ENGINE_API_KEY": "",
              "ONE_SIGNAL_REST_KEY": "",
              "REDIS_URL": "redis://h:p9e985ca89e619bef35fca412cf203c82d7abf058b327d4a5d20d12cea046de49@ec2-34-227-129-21.compute-1.amazonaws.com:11789",
              "ROCK_TOKEN": "MmuJ6B7r5yWiKWDPA7efxTIW"
            },
            "buildpacks": [],
            "config_vars": {
              "BIBLE_API_KEY": "eef8d913673ba746f78e115b444f4ce6",
              "ENGINE_API_KEY": "",
              "ONE_SIGNAL_REST_KEY": "",
              "ROCK_TOKEN": "MmuJ6B7r5yWiKWDPA7efxTIW"
            },
            "git_url": "https://git.heroku.com/grace-church-staging.git",
            "heroku_hostname": "grace-church-staging.herokuapp.com",
            "id": "grace-church-staging",
            "internal_routing": false,
            "name": "grace-church-staging",
            "organization": [
              {
                "locked": false,
                "name": "apollosproject",
                "personal": false
              }
            ],
            "region": "us",
            "sensitive_config_vars": {},
            "space": "",
            "stack": "container",
            "uuid": "c5de90cd-d87d-4917-aef8-0daa8f842fea",
            "web_url": "https://grace-church-staging.herokuapp.com/"
          },
          "private": "bnVsbA=="
        }
      ]
    },
    {
      "mode": "managed",
      "type": "heroku_pipeline",
      "name": "pipeline",
      "provider": "provider.heroku",
      "instances": [
        {
          "schema_version": 0,
          "attributes": {
            "id": "5ca3e283-f311-4615-9b2e-944b7ac32065",
            "name": "grace-church",
            "owner": [
              {
                "id": "2e536435-fb4a-4439-baf3-77c9cfd586d3",
                "type": "user"
              }
            ]
          },
          "private": "bnVsbA=="
        }
      ]
    }
  ]
}
